
Microsoft Visual Studio Solution File, Format Version 12.00
# Visual Studio Version 17
VisualStudioVersion = 17.0.31717.71
MinimumVisualStudioVersion = 10.0.40219.1
Project("{9A19103F-16F7-4668-BE54-9A1E7A4F7556}") = "Mewdeko", "src\Mewdeko\Mewdeko.csproj", "{C26A9D03-7B38-4CC9-8FB6-5B4543E873E0}"
EndProject
Project("{9A19103F-16F7-4668-BE54-9A1E7A4F7556}") = "Mewdeko.Coordinator", "src\Mewdeko.Coordinator\Mewdeko.Coordinator.csproj", "{6B58EE18-B30E-4F30-95BB-6C8C6AED3DCE}"
EndProject
Project("{9A19103F-16F7-4668-BE54-9A1E7A4F7556}") = "Mewdeko.Database", "src\Mewdeko.Database\Mewdeko.Database.csproj", "{D7C563AB-F1E7-4D2B-98CB-418846CFBCC3}"
EndProject
Project("{FAE04EC0-301F-11D3-BF4B-00C04F79EFBC}") = "Mewdeko.Api", "src\Mewdeko.Api\Mewdeko.Api.csproj", "{E77741BE-B058-4281-A6DE-BB80E465F657}"
EndProject
Project("{FAE04EC0-301F-11D3-BF4B-00C04F79EFBC}") = "Mewdeko.Tests", "src\Mewdeko.Tests\Mewdeko.Tests.csproj", "{701E5E12-E25C-42B3-AD19-06658B96EFEE}"
EndProject
Project("{FAE04EC0-301F-11D3-BF4B-00C04F79EFBC}") = "Mewdeko.Votes", "src\Mewdeko.Votes\Mewdeko.Votes.csproj", "{F5F920A7-57FD-4CE0-B0E8-695F90F7890D}"
EndProject
Global
	GlobalSection(SolutionConfigurationPlatforms) = preSolution
		Debug|Any CPU = Debug|Any CPU
		Release|Any CPU = Release|Any CPU
	EndGlobalSection
	GlobalSection(ProjectConfigurationPlatforms) = postSolution
		{C26A9D03-7B38-4CC9-8FB6-5B4543E873E0}.Debug|Any CPU.ActiveCfg = Debug|Any CPU
		{C26A9D03-7B38-4CC9-8FB6-5B4543E873E0}.Debug|Any CPU.Build.0 = Debug|Any CPU
		{C26A9D03-7B38-4CC9-8FB6-5B4543E873E0}.Release|Any CPU.ActiveCfg = Release|Any CPU
		{C26A9D03-7B38-4CC9-8FB6-5B4543E873E0}.Release|Any CPU.Build.0 = Release|Any CPU
		{6B58EE18-B30E-4F30-95BB-6C8C6AED3DCE}.Debug|Any CPU.ActiveCfg = Debug|Any CPU
		{6B58EE18-B30E-4F30-95BB-6C8C6AED3DCE}.Debug|Any CPU.Build.0 = Debug|Any CPU
		{6B58EE18-B30E-4F30-95BB-6C8C6AED3DCE}.Release|Any CPU.ActiveCfg = Release|Any CPU
		{6B58EE18-B30E-4F30-95BB-6C8C6AED3DCE}.Release|Any CPU.Build.0 = Release|Any CPU
		{D7C563AB-F1E7-4D2B-98CB-418846CFBCC3}.Debug|Any CPU.ActiveCfg = Debug|Any CPU
		{D7C563AB-F1E7-4D2B-98CB-418846CFBCC3}.Debug|Any CPU.Build.0 = Debug|Any CPU
		{D7C563AB-F1E7-4D2B-98CB-418846CFBCC3}.Release|Any CPU.ActiveCfg = Release|Any CPU
		{D7C563AB-F1E7-4D2B-98CB-418846CFBCC3}.Release|Any CPU.Build.0 = Release|Any CPU
		{E77741BE-B058-4281-A6DE-BB80E465F657}.Debug|Any CPU.ActiveCfg = Debug|Any CPU
		{E77741BE-B058-4281-A6DE-BB80E465F657}.Debug|Any CPU.Build.0 = Debug|Any CPU
		{E77741BE-B058-4281-A6DE-BB80E465F657}.Release|Any CPU.ActiveCfg = Release|Any CPU
		{E77741BE-B058-4281-A6DE-BB80E465F657}.Release|Any CPU.Build.0 = Release|Any CPU
		{701E5E12-E25C-42B3-AD19-06658B96EFEE}.Debug|Any CPU.ActiveCfg = Debug|Any CPU
		{701E5E12-E25C-42B3-AD19-06658B96EFEE}.Debug|Any CPU.Build.0 = Debug|Any CPU
		{701E5E12-E25C-42B3-AD19-06658B96EFEE}.Release|Any CPU.ActiveCfg = Release|Any CPU
		{701E5E12-E25C-42B3-AD19-06658B96EFEE}.Release|Any CPU.Build.0 = Release|Any CPU
		{F5F920A7-57FD-4CE0-B0E8-695F90F7890D}.Debug|Any CPU.ActiveCfg = Debug|Any CPU
		{F5F920A7-57FD-4CE0-B0E8-695F90F7890D}.Debug|Any CPU.Build.0 = Debug|Any CPU
		{F5F920A7-57FD-4CE0-B0E8-695F90F7890D}.Release|Any CPU.ActiveCfg = Release|Any CPU
		{F5F920A7-57FD-4CE0-B0E8-695F90F7890D}.Release|Any CPU.Build.0 = Release|Any CPU
	EndGlobalSection
	GlobalSection(SolutionProperties) = preSolution
		HideSolutionNode = FALSE
	EndGlobalSection
	GlobalSection(ExtensibilityGlobals) = postSolution
		SolutionGuid = {5F3F555C-855F-4BE8-B526-D062D3E8ACA4}
	EndGlobalSection
	GlobalSection(Performance) = preSolution
		HasPerformanceSessions = true
	EndGlobalSection
	GlobalSection(Performance) = preSolution
		HasPerformanceSessions = true
	EndGlobalSection
	GlobalSection(Performance) = preSolution
		HasPerformanceSessions = true
	EndGlobalSection
	GlobalSection(Performance) = preSolution
		HasPerformanceSessions = true
	EndGlobalSection
	GlobalSection(Performance) = preSolution
		HasPerformanceSessions = true
	EndGlobalSection
EndGlobal
