
Microsoft Visual Studio Solution File, Format Version 12.00
# Visual Studio Version 16
VisualStudioVersion = 16.0.28803.352
MinimumVisualStudioVersion = 10.0.40219.1
Project("{2150E333-8FDC-42A3-9474-1A3956D46DE8}") = "src", "src", "{04929013-5BAB-42B0-B9B2-8F2BB8F16AF2}"
EndProject
Project("{2150E333-8FDC-42A3-9474-1A3956D46DE8}") = "Solution Items", "Solution Items", "{0B2F1537-4BF0-422B-A0DD-8F9CCEFB340F}"
	ProjectSection(SolutionItems) = preProject
		.editorconfig = .editorconfig
		license.md = license.md
		NadekoBot.iss = NadekoBot.iss
		release.ps1 = release.ps1
	EndProjectSection
EndProject
Project("{9A19103F-16F7-4668-BE54-9A1E7A4F7556}") = "Mewdeko.Core", "Mewdeko.Core\Mewdeko.Core.csproj", "{A6CCEFBD-DCF2-482C-9643-47664683548F}"
EndProject
Project("{2150E333-8FDC-42A3-9474-1A3956D46DE8}") = "ayu", "ayu", "{6058FEDF-A318-4CD4-8F04-A7E8E7EC8874}"
EndProject
Project("{9A19103F-16F7-4668-BE54-9A1E7A4F7556}") = "Ayu.Discord.Voice", "src\ayu\Ayu.Discord.Voice\Ayu.Discord.Voice.csproj", "{2F4CF6D6-0C2F-4944-B204-9508CDA53195}"
EndProject
Project("{9A19103F-16F7-4668-BE54-9A1E7A4F7556}") = "Mewdeko.Coordinator", "src\Mewdeko.Coordinator\Mewdeko.Coordinator.csproj", "{F82F81FD-A471-47E5-8F49-75DA6DC2CEC9}"
EndProject
Global
	GlobalSection(SolutionConfigurationPlatforms) = preSolution
		Debug|Any CPU = Debug|Any CPU
		GlobalNadeko|Any CPU = GlobalNadeko|Any CPU
		Release|Any CPU = Release|Any CPU
	EndGlobalSection
	GlobalSection(ProjectConfigurationPlatforms) = postSolution
		{A6CCEFBD-DCF2-482C-9643-47664683548F}.Debug|Any CPU.ActiveCfg = Debug|Any CPU
		{A6CCEFBD-DCF2-482C-9643-47664683548F}.Debug|Any CPU.Build.0 = Debug|Any CPU
		{A6CCEFBD-DCF2-482C-9643-47664683548F}.GlobalNadeko|Any CPU.ActiveCfg = Release|Any CPU
		{A6CCEFBD-DCF2-482C-9643-47664683548F}.GlobalNadeko|Any CPU.Build.0 = Release|Any CPU
		{A6CCEFBD-DCF2-482C-9643-47664683548F}.Release|Any CPU.ActiveCfg = Release|Any CPU
		{A6CCEFBD-DCF2-482C-9643-47664683548F}.Release|Any CPU.Build.0 = Release|Any CPU
		{2F4CF6D6-0C2F-4944-B204-9508CDA53195}.Debug|Any CPU.ActiveCfg = Debug|Any CPU
		{2F4CF6D6-0C2F-4944-B204-9508CDA53195}.Debug|Any CPU.Build.0 = Debug|Any CPU
		{2F4CF6D6-0C2F-4944-B204-9508CDA53195}.GlobalNadeko|Any CPU.ActiveCfg = Debug|Any CPU
		{2F4CF6D6-0C2F-4944-B204-9508CDA53195}.GlobalNadeko|Any CPU.Build.0 = Debug|Any CPU
		{2F4CF6D6-0C2F-4944-B204-9508CDA53195}.Release|Any CPU.ActiveCfg = Release|Any CPU
		{2F4CF6D6-0C2F-4944-B204-9508CDA53195}.Release|Any CPU.Build.0 = Release|Any CPU
		{F82F81FD-A471-47E5-8F49-75DA6DC2CEC9}.Debug|Any CPU.ActiveCfg = Debug|Any CPU
		{F82F81FD-A471-47E5-8F49-75DA6DC2CEC9}.Debug|Any CPU.Build.0 = Debug|Any CPU
		{F82F81FD-A471-47E5-8F49-75DA6DC2CEC9}.GlobalNadeko|Any CPU.ActiveCfg = Debug|Any CPU
		{F82F81FD-A471-47E5-8F49-75DA6DC2CEC9}.GlobalNadeko|Any CPU.Build.0 = Debug|Any CPU
		{F82F81FD-A471-47E5-8F49-75DA6DC2CEC9}.Release|Any CPU.ActiveCfg = Release|Any CPU
		{F82F81FD-A471-47E5-8F49-75DA6DC2CEC9}.Release|Any CPU.Build.0 = Release|Any CPU
	EndGlobalSection
	GlobalSection(SolutionProperties) = preSolution
		HideSolutionNode = FALSE
	EndGlobalSection
	GlobalSection(NestedProjects) = preSolution
		{A6CCEFBD-DCF2-482C-9643-47664683548F} = {04929013-5BAB-42B0-B9B2-8F2BB8F16AF2}
		{6058FEDF-A318-4CD4-8F04-A7E8E7EC8874} = {04929013-5BAB-42B0-B9B2-8F2BB8F16AF2}
		{2F4CF6D6-0C2F-4944-B204-9508CDA53195} = {6058FEDF-A318-4CD4-8F04-A7E8E7EC8874}
	EndGlobalSection
	GlobalSection(ExtensibilityGlobals) = postSolution
		SolutionGuid = {5F3F555C-855F-4BE8-B526-D062D3E8ACA4}
	EndGlobalSection
	GlobalSection(Performance) = preSolution
		HasPerformanceSessions = true
	EndGlobalSection
	GlobalSection(Performance) = preSolution
		HasPerformanceSessions = true
	EndGlobalSection
	GlobalSection(Performance) = preSolution
		HasPerformanceSessions = true
	EndGlobalSection
	GlobalSection(Performance) = preSolution
		HasPerformanceSessions = true
	EndGlobalSection
	GlobalSection(Performance) = preSolution
		HasPerformanceSessions = true
	EndGlobalSection
EndGlobal
