
Microsoft Visual Studio Solution File, Format Version 12.00
# Visual Studio Version 16
VisualStudioVersion = 16.0.28803.352
MinimumVisualStudioVersion = 10.0.40219.1
Project("{2150E333-8FDC-42A3-9474-1A3956D46DE8}") = "Solution Items", "Solution Items", "{0B2F1537-4BF0-422B-A0DD-8F9CCEFB340F}"
	ProjectSection(SolutionItems) = preProject
		.editorconfig = .editorconfig
	EndProjectSection
EndProject
Project("{FAE04EC0-301F-11D3-BF4B-00C04F79EFBC}") = "Ayu.Discord.Voice", "src\ayu\Ayu.Discord.Voice\Ayu.Discord.Voice.csproj", "{ACD9CD17-C1CB-42A0-AFE4-0C4A7C3132CD}"
EndProject
Project("{FAE04EC0-301F-11D3-BF4B-00C04F79EFBC}") = "Mewdeko", "src\Mewdeko\Mewdeko.csproj", "{C26A9D03-7B38-4CC9-8FB6-5B4543E873E0}"
EndProject
Project("{FAE04EC0-301F-11D3-BF4B-00C04F79EFBC}") = "Mewdeko.Coordinator", "src\Mewdeko.Coordinator\Mewdeko.Coordinator.csproj", "{6B58EE18-B30E-4F30-95BB-6C8C6AED3DCE}"
EndProject
Global
	GlobalSection(SolutionConfigurationPlatforms) = preSolution
		Debug|Any CPU = Debug|Any CPU
		GlobalNadeko|Any CPU = GlobalNadeko|Any CPU
		Release|Any CPU = Release|Any CPU
	EndGlobalSection
	GlobalSection(ProjectConfigurationPlatforms) = postSolution
		{ACD9CD17-C1CB-42A0-AFE4-0C4A7C3132CD}.Debug|Any CPU.ActiveCfg = Debug|Any CPU
		{ACD9CD17-C1CB-42A0-AFE4-0C4A7C3132CD}.Debug|Any CPU.Build.0 = Debug|Any CPU
		{ACD9CD17-C1CB-42A0-AFE4-0C4A7C3132CD}.GlobalNadeko|Any CPU.ActiveCfg = Debug|Any CPU
		{ACD9CD17-C1CB-42A0-AFE4-0C4A7C3132CD}.GlobalNadeko|Any CPU.Build.0 = Debug|Any CPU
		{ACD9CD17-C1CB-42A0-AFE4-0C4A7C3132CD}.Release|Any CPU.ActiveCfg = Release|Any CPU
		{ACD9CD17-C1CB-42A0-AFE4-0C4A7C3132CD}.Release|Any CPU.Build.0 = Release|Any CPU
		{C26A9D03-7B38-4CC9-8FB6-5B4543E873E0}.Debug|Any CPU.ActiveCfg = Debug|Any CPU
		{C26A9D03-7B38-4CC9-8FB6-5B4543E873E0}.Debug|Any CPU.Build.0 = Debug|Any CPU
		{C26A9D03-7B38-4CC9-8FB6-5B4543E873E0}.GlobalNadeko|Any CPU.ActiveCfg = Debug|Any CPU
		{C26A9D03-7B38-4CC9-8FB6-5B4543E873E0}.GlobalNadeko|Any CPU.Build.0 = Debug|Any CPU
		{C26A9D03-7B38-4CC9-8FB6-5B4543E873E0}.Release|Any CPU.ActiveCfg = Release|Any CPU
		{C26A9D03-7B38-4CC9-8FB6-5B4543E873E0}.Release|Any CPU.Build.0 = Release|Any CPU
		{6B58EE18-B30E-4F30-95BB-6C8C6AED3DCE}.Debug|Any CPU.ActiveCfg = Debug|Any CPU
		{6B58EE18-B30E-4F30-95BB-6C8C6AED3DCE}.Debug|Any CPU.Build.0 = Debug|Any CPU
		{6B58EE18-B30E-4F30-95BB-6C8C6AED3DCE}.GlobalNadeko|Any CPU.ActiveCfg = Debug|Any CPU
		{6B58EE18-B30E-4F30-95BB-6C8C6AED3DCE}.GlobalNadeko|Any CPU.Build.0 = Debug|Any CPU
		{6B58EE18-B30E-4F30-95BB-6C8C6AED3DCE}.Release|Any CPU.ActiveCfg = Release|Any CPU
		{6B58EE18-B30E-4F30-95BB-6C8C6AED3DCE}.Release|Any CPU.Build.0 = Release|Any CPU
	EndGlobalSection
	GlobalSection(SolutionProperties) = preSolution
		HideSolutionNode = FALSE
	EndGlobalSection
	GlobalSection(NestedProjects) = preSolution
	EndGlobalSection
	GlobalSection(ExtensibilityGlobals) = postSolution
		SolutionGuid = {5F3F555C-855F-4BE8-B526-D062D3E8ACA4}
	EndGlobalSection
	GlobalSection(Performance) = preSolution
		HasPerformanceSessions = true
	EndGlobalSection
	GlobalSection(Performance) = preSolution
		HasPerformanceSessions = true
	EndGlobalSection
	GlobalSection(Performance) = preSolution
		HasPerformanceSessions = true
	EndGlobalSection
	GlobalSection(Performance) = preSolution
		HasPerformanceSessions = true
	EndGlobalSection
	GlobalSection(Performance) = preSolution
		HasPerformanceSessions = true
	EndGlobalSection
EndGlobal
